// !$*UTF8*$!
{
	archiveVersion = 1;
	classes = {
	};
	objectVersion = 46;
	objects = {

/* Begin PBXBuildFile section */
		3B4A46CC1D19F1170049769A /* AppDelegate.swift in Sources */ = {isa = PBXBuildFile; fileRef = 3B4A46CB1D19F1170049769A /* AppDelegate.swift */; };
		3B4A46CE1D19F1170049769A /* FirstViewController.swift in Sources */ = {isa = PBXBuildFile; fileRef = 3B4A46CD1D19F1170049769A /* FirstViewController.swift */; };
		3B4A46D01D19F1170049769A /* SecondViewController.swift in Sources */ = {isa = PBXBuildFile; fileRef = 3B4A46CF1D19F1170049769A /* SecondViewController.swift */; };
		3B4A46D31D19F1170049769A /* Main.storyboard in Resources */ = {isa = PBXBuildFile; fileRef = 3B4A46D11D19F1170049769A /* Main.storyboard */; };
		3B4A46D51D19F1170049769A /* Assets.xcassets in Resources */ = {isa = PBXBuildFile; fileRef = 3B4A46D41D19F1170049769A /* Assets.xcassets */; };
		3B4A46D81D19F1170049769A /* LaunchScreen.storyboard in Resources */ = {isa = PBXBuildFile; fileRef = 3B4A46D61D19F1170049769A /* LaunchScreen.storyboard */; };
/* End PBXBuildFile section */

/* Begin PBXFileReference section */
		3B4A46C81D19F1170049769A /* To_Do_List.app */ = {isa = PBXFileReference; explicitFileType = wrapper.application; includeInIndex = 0; path = To_Do_List.app; sourceTree = BUILT_PRODUCTS_DIR; };
		3B4A46CB1D19F1170049769A /* AppDelegate.swift */ = {isa = PBXFileReference; lastKnownFileType = sourcecode.swift; path = AppDelegate.swift; sourceTree = "<group>"; };
		3B4A46CD1D19F1170049769A /* FirstViewController.swift */ = {isa = PBXFileReference; lastKnownFileType = sourcecode.swift; path = FirstViewController.swift; sourceTree = "<group>"; };
		3B4A46CF1D19F1170049769A /* SecondViewController.swift */ = {isa = PBXFileReference; lastKnownFileType = sourcecode.swift; path = SecondViewController.swift; sourceTree = "<group>"; };
		3B4A46D21D19F1170049769A /* Base */ = {isa = PBXFileReference; lastKnownFileType = file.storyboard; name = Base; path = Base.lproj/Main.storyboard; sourceTree = "<group>"; };
		3B4A46D41D19F1170049769A /* Assets.xcassets */ = {isa = PBXFileReference; lastKnownFileType = folder.assetcatalog; path = Assets.xcassets; sourceTree = "<group>"; };
		3B4A46D71D19F1170049769A /* Base */ = {isa = PBXFileReference; lastKnownFileType = file.storyboard; name = Base; path = Base.lproj/LaunchScreen.storyboard; sourceTree = "<group>"; };
		3B4A46D91D19F1170049769A /* Info.plist */ = {isa = PBXFileReference; lastKnownFileType = text.plist.xml; path = Info.plist; sourceTree = "<group>"; };
/* End PBXFileReference section */

/* Begin PBXFrameworksBuildPhase section */
		3B4A46C51D19F1170049769A /* Frameworks */ = {
			isa = PBXFrameworksBuildPhase;
			buildActionMask = 2147483647;
			files = (
			);
			runOnlyForDeploymentPostprocessing = 0;
		};
/* End PBXFrameworksBuildPhase section */

/* Begin PBXGroup section */
		3B4A46BF1D19F1170049769A = {
			isa = PBXGroup;
			children = (
				3B4A46CA1D19F1170049769A /* To_Do_List */,
				3B4A46C91D19F1170049769A /* Products */,
			);
			sourceTree = "<group>";
		};
		3B4A46C91D19F1170049769A /* Products */ = {
			isa = PBXGroup;
			children = (
				3B4A46C81D19F1170049769A /* To_Do_List.app */,
			);
			name = Products;
			sourceTree = "<group>";
		};
		3B4A46CA1D19F1170049769A /* To_Do_List */ = {
			isa = PBXGroup;
			children = (
				3B4A46CB1D19F1170049769A /* AppDelegate.swift */,
				3B4A46CD1D19F1170049769A /* FirstViewController.swift */,
				3B4A46CF1D19F1170049769A /* SecondViewController.swift */,
				3B4A46D11D19F1170049769A /* Main.storyboard */,
				3B4A46D41D19F1170049769A /* Assets.xcassets */,
				3B4A46D61D19F1170049769A /* LaunchScreen.storyboard */,
				3B4A46D91D19F1170049769A /* Info.plist */,
			);
			path = To_Do_List;
			sourceTree = "<group>";
		};
/* End PBXGroup section */

/* Begin PBXNativeTarget section */
		3B4A46C71D19F1170049769A /* To_Do_List */ = {
			isa = PBXNativeTarget;
			buildConfigurationList = 3B4A46DC1D19F1170049769A /* Build configuration list for PBXNativeTarget "To_Do_List" */;
			buildPhases = (
				3B4A46C41D19F1170049769A /* Sources */,
				3B4A46C51D19F1170049769A /* Frameworks */,
				3B4A46C61D19F1170049769A /* Resources */,
			);
			buildRules = (
			);
			dependencies = (
			);
			name = To_Do_List;
			productName = To_Do_List;
			productReference = 3B4A46C81D19F1170049769A /* To_Do_List.app */;
			productType = "com.apple.product-type.application";
		};
/* End PBXNativeTarget section */

/* Begin PBXProject section */
		3B4A46C01D19F1170049769A /* Project object */ = {
			isa = PBXProject;
			attributes = {
				LastSwiftUpdateCheck = 0730;
				LastUpgradeCheck = 0730;
				ORGANIZATIONNAME = "Tomomi Tamura";
				TargetAttributes = {
					3B4A46C71D19F1170049769A = {
						CreatedOnToolsVersion = 7.3.1;
					};
				};
			};
			buildConfigurationList = 3B4A46C31D19F1170049769A /* Build configuration list for PBXProject "To_Do_List" */;
			compatibilityVersion = "Xcode 3.2";
			developmentRegion = English;
			hasScannedForEncodings = 0;
			knownRegions = (
				en,
				Base,
			);
			mainGroup = 3B4A46BF1D19F1170049769A;
			productRefGroup = 3B4A46C91D19F1170049769A /* Products */;
			projectDirPath = "";
			projectRoot = "";
			targets = (
				3B4A46C71D19F1170049769A /* To_Do_List */,
			);
		};
/* End PBXProject section */

/* Begin PBXResourcesBuildPhase section */
		3B4A46C61D19F1170049769A /* Resources */ = {
			isa = PBXResourcesBuildPhase;
			buildActionMask = 2147483647;
			files = (
				3B4A46D81D19F1170049769A /* LaunchScreen.storyboard in Resources */,
				3B4A46D51D19F1170049769A /* Assets.xcassets in Resources */,
				3B4A46D31D19F1170049769A /* Main.storyboard in Resources */,
			);
			runOnlyForDeploymentPostprocessing = 0;
		};
/* End PBXResourcesBuildPhase section */

/* Begin PBXSourcesBuildPhase section */
		3B4A46C41D19F1170049769A /* Sources */ = {
			isa = PBXSourcesBuildPhase;
			buildActionMask = 2147483647;
			files = (
				3B4A46D01D19F1170049769A /* SecondViewController.swift in Sources */,
				3B4A46CC1D19F1170049769A /* AppDelegate.swift in Sources */,
				3B4A46CE1D19F1170049769A /* FirstViewController.swift in Sources */,
			);
			runOnlyForDeploymentPostprocessing = 0;
		};
/* End PBXSourcesBuildPhase section */

/* Begin PBXVariantGroup section */
		3B4A46D11D19F1170049769A /* Main.storyboard */ = {
			isa = PBXVariantGroup;
			children = (
				3B4A46D21D19F1170049769A /* Base */,
			);
			name = Main.storyboard;
			sourceTree = "<group>";
		};
		3B4A46D61D19F1170049769A /* LaunchScreen.storyboard */ = {
			isa = PBXVariantGroup;
			children = (
				3B4A46D71D19F1170049769A /* Base */,
			);
			name = LaunchScreen.storyboard;
			sourceTree = "<group>";
		};
/* End PBXVariantGroup section */

/* Begin XCBuildConfiguration section */
		3B4A46DA1D19F1170049769A /* Debug */ = {
			isa = XCBuildConfiguration;
			buildSettings = {
				ALWAYS_SEARCH_USER_PATHS = NO;
				CLANG_ANALYZER_NONNULL = YES;
				CLANG_CXX_LANGUAGE_STANDARD = "gnu++0x";
				CLANG_CXX_LIBRARY = "libc++";
				CLANG_ENABLE_MODULES = YES;
				CLANG_ENABLE_OBJC_ARC = YES;
				CLANG_WARN_BOOL_CONVERSION = YES;
				CLANG_WARN_CONSTANT_CONVERSION = YES;
				CLANG_WARN_DIRECT_OBJC_ISA_USAGE = YES_ERROR;
				CLANG_WARN_EMPTY_BODY = YES;
				CLANG_WARN_ENUM_CONVERSION = YES;
				CLANG_WARN_INT_CONVERSION = YES;
				CLANG_WARN_OBJC_ROOT_CLASS = YES_ERROR;
				CLANG_WARN_UNREACHABLE_CODE = YES;
				CLANG_WARN__DUPLICATE_METHOD_MATCH = YES;
				"CODE_SIGN_IDENTITY[sdk=iphoneos*]" = "iPhone Developer";
				COPY_PHASE_STRIP = NO;
				DEBUG_INFORMATION_FORMAT = dwarf;
				ENABLE_STRICT_OBJC_MSGSEND = YES;
				ENABLE_TESTABILITY = YES;
				GCC_C_LANGUAGE_STANDARD = gnu99;
				GCC_DYNAMIC_NO_PIC = NO;
				GCC_NO_COMMON_BLOCKS = YES;
				GCC_OPTIMIZATION_LEVEL = 0;
				GCC_PREPROCESSOR_DEFINITIONS = (
					"DEBUG=1",
					"$(inherited)",
				);
				GCC_WARN_64_TO_32_BIT_CONVERSION = YES;
				GCC_WARN_ABOUT_RETURN_TYPE = YES_ERROR;
				GCC_WARN_UNDECLARED_SELECTOR = YES;
				GCC_WARN_UNINITIALIZED_AUTOS = YES_AGGRESSIVE;
				GCC_WARN_UNUSED_FUNCTION = YES;
				GCC_WARN_UNUSED_VARIABLE = YES;
				IPHONEOS_DEPLOYMENT_TARGET = 9.3;
				MTL_ENABLE_DEBUG_INFO = YES;
				ONLY_ACTIVE_ARCH = YES;
				SDKROOT = iphoneos;
				SWIFT_OPTIMIZATION_LEVEL = "-Onone";
				TARGETED_DEVICE_FAMILY = "1,2";
			};
			name = Debug;
		};
		3B4A46DB1D19F1170049769A /* Release */ = {
			isa = XCBuildConfiguration;
			buildSettings = {
				ALWAYS_SEARCH_USER_PATHS = NO;
				CLANG_ANALYZER_NONNULL = YES;
				CLANG_CXX_LANGUAGE_STANDARD = "gnu++0x";
				CLANG_CXX_LIBRARY = "libc++";
				CLANG_ENABLE_MODULES = YES;
				CLANG_ENABLE_OBJC_ARC = YES;
				CLANG_WARN_BOOL_CONVERSION = YES;
				CLANG_WARN_CONSTANT_CONVERSION = YES;
				CLANG_WARN_DIRECT_OBJC_ISA_USAGE = YES_ERROR;
				CLANG_WARN_EMPTY_BODY = YES;
				CLANG_WARN_ENUM_CONVERSION = YES;
				CLANG_WARN_INT_CONVERSION = YES;
				CLANG_WARN_OBJC_ROOT_CLASS = YES_ERROR;
				CLANG_WARN_UNREACHABLE_CODE = YES;
				CLANG_WARN__DUPLICATE_METHOD_MATCH = YES;
				"CODE_SIGN_IDENTITY[sdk=iphoneos*]" = "iPhone Developer";
				COPY_PHASE_STRIP = NO;
				DEBUG_INFORMATION_FORMAT = "dwarf-with-dsym";
				ENABLE_NS_ASSERTIONS = NO;
				ENABLE_STRICT_OBJC_MSGSEND = YES;
				GCC_C_LANGUAGE_STANDARD = gnu99;
				GCC_NO_COMMON_BLOCKS = YES;
				GCC_WARN_64_TO_32_BIT_CONVERSION = YES;
				GCC_WARN_ABOUT_RETURN_TYPE = YES_ERROR;
				GCC_WARN_UNDECLARED_SELECTOR = YES;
				GCC_WARN_UNINITIALIZED_AUTOS = YES_AGGRESSIVE;
				GCC_WARN_UNUSED_FUNCTION = YES;
				GCC_WARN_UNUSED_VARIABLE = YES;
				IPHONEOS_DEPLOYMENT_TARGET = 9.3;
				MTL_ENABLE_DEBUG_INFO = NO;
				SDKROOT = iphoneos;
				TARGETED_DEVICE_FAMILY = "1,2";
				VALIDATE_PRODUCT = YES;
			};
			name = Release;
		};
		3B4A46DD1D19F1170049769A /* Debug */ = {
			isa = XCBuildConfiguration;
			buildSettings = {
				ASSETCATALOG_COMPILER_APPICON_NAME = AppIcon;
				INFOPLIST_FILE = To_Do_List/Info.plist;
				LD_RUNPATH_SEARCH_PATHS = "$(inherited) @executable_path/Frameworks";
				PRODUCT_BUNDLE_IDENTIFIER = "comtomomi.ios.To-Do-List";
				PRODUCT_NAME = "$(TARGET_NAME)";
			};
			name = Debug;
		};
		3B4A46DE1D19F1170049769A /* Release */ = {
			isa = XCBuildConfiguration;
			buildSettings = {
				ASSETCATALOG_COMPILER_APPICON_NAME = AppIcon;
				INFOPLIST_FILE = To_Do_List/Info.plist;
				LD_RUNPATH_SEARCH_PATHS = "$(inherited) @executable_path/Frameworks";
				PRODUCT_BUNDLE_IDENTIFIER = "comtomomi.ios.To-Do-List";
				PRODUCT_NAME = "$(TARGET_NAME)";
			};
			name = Release;
		};
/* End XCBuildConfiguration section */

/* Begin XCConfigurationList section */
		3B4A46C31D19F1170049769A /* Build configuration list for PBXProject "To_Do_List" */ = {
			isa = XCConfigurationList;
			buildConfigurations = (
				3B4A46DA1D19F1170049769A /* Debug */,
				3B4A46DB1D19F1170049769A /* Release */,
			);
			defaultConfigurationIsVisible = 0;
			defaultConfigurationName = Release;
		};
		3B4A46DC1D19F1170049769A /* Build configuration list for PBXNativeTarget "To_Do_List" */ = {
			isa = XCConfigurationList;
			buildConfigurations = (
				3B4A46DD1D19F1170049769A /* Debug */,
				3B4A46DE1D19F1170049769A /* Release */,
			);
			defaultConfigurationIsVisible = 0;
		};
/* End XCConfigurationList section */
	};
	rootObject = 3B4A46C01D19F1170049769A /* Project object */;
}
